
Microsoft Visual Studio Solution File, Format Version 12.00
# Visual Studio Version 16
VisualStudioVersion = 16.0.30907.101
MinimumVisualStudioVersion = 10.0.40219.1
Project("{9A19103F-16F7-4668-BE54-9A1E7A4F7556}") = "Client", "Client\Client.csproj", "{0FB068F1-665A-43BA-A227-C2A8B0CB0049}"
EndProject
Project("{9A19103F-16F7-4668-BE54-9A1E7A4F7556}") = "ActionCableSharp", "ActionCableSharp\ActionCableSharp.csproj", "{034AAA90-8BD8-4EED-AACD-66546FFEE7D1}"
EndProject
Project("{9A19103F-16F7-4668-BE54-9A1E7A4F7556}") = "ActionCableSharp.Tests", "ActionCableSharp.Tests\ActionCableSharp.Tests.csproj", "{EE3A5F6F-C765-4D04-AFE1-954B5CC16671}"
EndProject
Project("{2150E333-8FDC-42A3-9474-1A3956D46DE8}") = "Solution Items", "Solution Items", "{35A902B3-3DA2-48AA-8C62-2F4E796FFFFE}"
	ProjectSection(SolutionItems) = preProject
		.editorconfig = .editorconfig
		stylecop.json = stylecop.json
	EndProjectSection
EndProject
Global
	GlobalSection(SolutionConfigurationPlatforms) = preSolution
		Debug|Any CPU = Debug|Any CPU
		Release|Any CPU = Release|Any CPU
	EndGlobalSection
	GlobalSection(ProjectConfigurationPlatforms) = postSolution
		{0FB068F1-665A-43BA-A227-C2A8B0CB0049}.Debug|Any CPU.ActiveCfg = Debug|Any CPU
		{0FB068F1-665A-43BA-A227-C2A8B0CB0049}.Debug|Any CPU.Build.0 = Debug|Any CPU
		{0FB068F1-665A-43BA-A227-C2A8B0CB0049}.Release|Any CPU.ActiveCfg = Release|Any CPU
		{0FB068F1-665A-43BA-A227-C2A8B0CB0049}.Release|Any CPU.Build.0 = Release|Any CPU
		{034AAA90-8BD8-4EED-AACD-66546FFEE7D1}.Debug|Any CPU.ActiveCfg = Debug|Any CPU
		{034AAA90-8BD8-4EED-AACD-66546FFEE7D1}.Debug|Any CPU.Build.0 = Debug|Any CPU
		{034AAA90-8BD8-4EED-AACD-66546FFEE7D1}.Release|Any CPU.ActiveCfg = Release|Any CPU
		{034AAA90-8BD8-4EED-AACD-66546FFEE7D1}.Release|Any CPU.Build.0 = Release|Any CPU
		{EE3A5F6F-C765-4D04-AFE1-954B5CC16671}.Debug|Any CPU.ActiveCfg = Debug|Any CPU
		{EE3A5F6F-C765-4D04-AFE1-954B5CC16671}.Debug|Any CPU.Build.0 = Debug|Any CPU
		{EE3A5F6F-C765-4D04-AFE1-954B5CC16671}.Release|Any CPU.ActiveCfg = Release|Any CPU
		{EE3A5F6F-C765-4D04-AFE1-954B5CC16671}.Release|Any CPU.Build.0 = Release|Any CPU
	EndGlobalSection
	GlobalSection(SolutionProperties) = preSolution
		HideSolutionNode = FALSE
	EndGlobalSection
	GlobalSection(ExtensibilityGlobals) = postSolution
		SolutionGuid = {9470BEFA-0310-4B79-9E7A-2E4ED7C5CC04}
	EndGlobalSection
EndGlobal
